// !$*UTF8*$!
{
	archiveVersion = 1;
	classes = {
	};
	objectVersion = 77;
	objects = {

/* Begin PBXBuildFile section */
		CC2E28422E804228007D0D22 /* CatBreed.swift in Sources */ = {isa = PBXBuildFile; fileRef = CC2E283C2E804228007D0D22 /* CatBreed.swift */; };
		CC2E28432E804228007D0D22 /* CatFactsAVPApp.swift in Sources */ = {isa = PBXBuildFile; fileRef = CC2E283D2E804228007D0D22 /* CatFactsAVPApp.swift */; };
		CC2E28442E804228007D0D22 /* CatViewModel.swift in Sources */ = {isa = PBXBuildFile; fileRef = CC2E283E2E804228007D0D22 /* CatViewModel.swift */; };
		CC2E28452E804228007D0D22 /* ListView.swift in Sources */ = {isa = PBXBuildFile; fileRef = CC2E28402E804228007D0D22 /* ListView.swift */; };
		CC2E28462E804228007D0D22 /* Assets.xcassets in Resources */ = {isa = PBXBuildFile; fileRef = CC2E283B2E804228007D0D22 /* Assets.xcassets */; };
		CC2E284C2E80504D007D0D22 /* DetailView.swift in Sources */ = {isa = PBXBuildFile; fileRef = CC2E284B2E80504D007D0D22 /* DetailView.swift */; };
		CCDAE66F2E7F3E41006A209B /* RealityKitContent in Frameworks */ = {isa = PBXBuildFile; productRef = CCDAE66E2E7F3E41006A209B /* RealityKitContent */; };
/* End PBXBuildFile section */

/* Begin PBXFileReference section */
		CC2E283B2E804228007D0D22 /* Assets.xcassets */ = {isa = PBXFileReference; lastKnownFileType = folder.assetcatalog; path = Assets.xcassets; sourceTree = "<group>"; };
		CC2E283C2E804228007D0D22 /* CatBreed.swift */ = {isa = PBXFileReference; lastKnownFileType = sourcecode.swift; path = CatBreed.swift; sourceTree = "<group>"; };
		CC2E283D2E804228007D0D22 /* CatFactsAVPApp.swift */ = {isa = PBXFileReference; lastKnownFileType = sourcecode.swift; path = CatFactsAVPApp.swift; sourceTree = "<group>"; };
		CC2E283E2E804228007D0D22 /* CatViewModel.swift */ = {isa = PBXFileReference; lastKnownFileType = sourcecode.swift; path = CatViewModel.swift; sourceTree = "<group>"; };
		CC2E283F2E804228007D0D22 /* Info.plist */ = {isa = PBXFileReference; lastKnownFileType = text.plist.xml; path = Info.plist; sourceTree = "<group>"; };
		CC2E28402E804228007D0D22 /* ListView.swift */ = {isa = PBXFileReference; lastKnownFileType = sourcecode.swift; path = ListView.swift; sourceTree = "<group>"; };
		CC2E284B2E80504D007D0D22 /* DetailView.swift */ = {isa = PBXFileReference; lastKnownFileType = sourcecode.swift; path = DetailView.swift; sourceTree = "<group>"; };
		CCDAE6692E7F3E41006A209B /* CatFactsAVP.app */ = {isa = PBXFileReference; explicitFileType = wrapper.application; includeInIndex = 0; path = CatFactsAVP.app; sourceTree = BUILT_PRODUCTS_DIR; };
		CCDAE66D2E7F3E41006A209B /* RealityKitContent */ = {isa = PBXFileReference; lastKnownFileType = wrapper; path = RealityKitContent; sourceTree = "<group>"; };
/* End PBXFileReference section */

/* Begin PBXFrameworksBuildPhase section */
		CCDAE6662E7F3E41006A209B /* Frameworks */ = {
			isa = PBXFrameworksBuildPhase;
			buildActionMask = 2147483647;
			files = (
				CCDAE66F2E7F3E41006A209B /* RealityKitContent in Frameworks */,
			);
			runOnlyForDeploymentPostprocessing = 0;
		};
/* End PBXFrameworksBuildPhase section */

/* Begin PBXGroup section */
		CC2E28412E804228007D0D22 /* CatFactsAVP */ = {
			isa = PBXGroup;
			children = (
				CC2E283D2E804228007D0D22 /* CatFactsAVPApp.swift */,
				CC2E283B2E804228007D0D22 /* Assets.xcassets */,
				CC2E28492E804268007D0D22 /* Models */,
				CC2E28482E804247007D0D22 /* Views */,
				CC2E284A2E804275007D0D22 /* ViewModels */,
				CC2E283F2E804228007D0D22 /* Info.plist */,
			);
			path = CatFactsAVP;
			sourceTree = "<group>";
		};
		CC2E28482E804247007D0D22 /* Views */ = {
			isa = PBXGroup;
			children = (
				CC2E28402E804228007D0D22 /* ListView.swift */,
				CC2E284B2E80504D007D0D22 /* DetailView.swift */,
			);
			path = Views;
			sourceTree = "<group>";
		};
		CC2E28492E804268007D0D22 /* Models */ = {
			isa = PBXGroup;
			children = (
				CC2E283C2E804228007D0D22 /* CatBreed.swift */,
			);
			path = Models;
			sourceTree = "<group>";
		};
		CC2E284A2E804275007D0D22 /* ViewModels */ = {
			isa = PBXGroup;
			children = (
				CC2E283E2E804228007D0D22 /* CatViewModel.swift */,
			);
			path = ViewModels;
			sourceTree = "<group>";
		};
		CCDAE6602E7F3E41006A209B = {
			isa = PBXGroup;
			children = (
				CC2E28412E804228007D0D22 /* CatFactsAVP */,
				CCDAE66C2E7F3E41006A209B /* Packages */,
				CCDAE66A2E7F3E41006A209B /* Products */,
			);
			sourceTree = "<group>";
		};
		CCDAE66A2E7F3E41006A209B /* Products */ = {
			isa = PBXGroup;
			children = (
				CCDAE6692E7F3E41006A209B /* CatFactsAVP.app */,
			);
			name = Products;
			sourceTree = "<group>";
		};
		CCDAE66C2E7F3E41006A209B /* Packages */ = {
			isa = PBXGroup;
			children = (
				CCDAE66D2E7F3E41006A209B /* RealityKitContent */,
			);
			path = Packages;
			sourceTree = "<group>";
		};
/* End PBXGroup section */

/* Begin PBXNativeTarget section */
		CCDAE6682E7F3E41006A209B /* CatFactsAVP */ = {
			isa = PBXNativeTarget;
			buildConfigurationList = CCDAE6782E7F3E42006A209B /* Build configuration list for PBXNativeTarget "CatFactsAVP" */;
			buildPhases = (
				CCDAE6652E7F3E41006A209B /* Sources */,
				CCDAE6662E7F3E41006A209B /* Frameworks */,
				CCDAE6672E7F3E41006A209B /* Resources */,
			);
			buildRules = (
			);
			dependencies = (
			);
			name = CatFactsAVP;
			packageProductDependencies = (
				CCDAE66E2E7F3E41006A209B /* RealityKitContent */,
			);
			productName = CatFactsAVP;
			productReference = CCDAE6692E7F3E41006A209B /* CatFactsAVP.app */;
			productType = "com.apple.product-type.application";
		};
/* End PBXNativeTarget section */

/* Begin PBXProject section */
		CCDAE6612E7F3E41006A209B /* Project object */ = {
			isa = PBXProject;
			attributes = {
				BuildIndependentTargetsInParallel = 1;
				LastSwiftUpdateCheck = 2600;
				LastUpgradeCheck = 2600;
				TargetAttributes = {
					CCDAE6682E7F3E41006A209B = {
						CreatedOnToolsVersion = 26.0;
					};
				};
			};
			buildConfigurationList = CCDAE6642E7F3E41006A209B /* Build configuration list for PBXProject "CatFactsAVP" */;
			developmentRegion = en;
			hasScannedForEncodings = 0;
			knownRegions = (
				en,
				Base,
			);
			mainGroup = CCDAE6602E7F3E41006A209B;
			minimizedProjectReferenceProxies = 1;
			preferredProjectObjectVersion = 77;
			productRefGroup = CCDAE66A2E7F3E41006A209B /* Products */;
			projectDirPath = "";
			projectRoot = "";
			targets = (
				CCDAE6682E7F3E41006A209B /* CatFactsAVP */,
			);
		};
/* End PBXProject section */

/* Begin PBXResourcesBuildPhase section */
		CCDAE6672E7F3E41006A209B /* Resources */ = {
			isa = PBXResourcesBuildPhase;
			buildActionMask = 2147483647;
			files = (
				CC2E28462E804228007D0D22 /* Assets.xcassets in Resources */,
			);
			runOnlyForDeploymentPostprocessing = 0;
		};
/* End PBXResourcesBuildPhase section */

/* Begin PBXSourcesBuildPhase section */
		CCDAE6652E7F3E41006A209B /* Sources */ = {
			isa = PBXSourcesBuildPhase;
			buildActionMask = 2147483647;
			files = (
				CC2E28422E804228007D0D22 /* CatBreed.swift in Sources */,
				CC2E28432E804228007D0D22 /* CatFactsAVPApp.swift in Sources */,
				CC2E28442E804228007D0D22 /* CatViewModel.swift in Sources */,
				CC2E284C2E80504D007D0D22 /* DetailView.swift in Sources */,
				CC2E28452E804228007D0D22 /* ListView.swift in Sources */,
			);
			runOnlyForDeploymentPostprocessing = 0;
		};
/* End PBXSourcesBuildPhase section */

/* Begin XCBuildConfiguration section */
		CCDAE6792E7F3E42006A209B /* Debug */ = {
			isa = XCBuildConfiguration;
			buildSettings = {
				ASSETCATALOG_COMPILER_APPICON_NAME = AppIcon;
				ASSETCATALOG_COMPILER_GLOBAL_ACCENT_COLOR_NAME = AccentColor;
				CODE_SIGN_STYLE = Automatic;
				CURRENT_PROJECT_VERSION = 1;
				DEVELOPMENT_TEAM = 664FMHC4VF;
				ENABLE_PREVIEWS = YES;
				GENERATE_INFOPLIST_FILE = YES;
				INFOPLIST_FILE = "$(TARGET_NAME)/Info.plist";
				INFOPLIST_KEY_CFBundleDisplayName = "Cat Facts";
				LD_RUNPATH_SEARCH_PATHS = (
					"$(inherited)",
					"@executable_path/Frameworks",
				);
				MARKETING_VERSION = 1.0;
				PRODUCT_BUNDLE_IDENTIFIER = net.bwitmer.CatFactsAVP;
				PRODUCT_NAME = "$(TARGET_NAME)";
				STRING_CATALOG_GENERATE_SYMBOLS = YES;
				SUPPORTED_PLATFORMS = "xros xrsimulator";
				SWIFT_APPROACHABLE_CONCURRENCY = YES;
				SWIFT_DEFAULT_ACTOR_ISOLATION = MainActor;
				SWIFT_EMIT_LOC_STRINGS = YES;
				SWIFT_UPCOMING_FEATURE_MEMBER_IMPORT_VISIBILITY = YES;
				SWIFT_VERSION = 5.0;
				TARGETED_DEVICE_FAMILY = 7;
			};
			name = Debug;
		};
		CCDAE67A2E7F3E42006A209B /* Release */ = {
			isa = XCBuildConfiguration;
			buildSettings = {
				ASSETCATALOG_COMPILER_APPICON_NAME = AppIcon;
				ASSETCATALOG_COMPILER_GLOBAL_ACCENT_COLOR_NAME = AccentColor;
				CODE_SIGN_STYLE = Automatic;
				CURRENT_PROJECT_VERSION = 1;
				DEVELOPMENT_TEAM = 664FMHC4VF;
				ENABLE_PREVIEWS = YES;
				GENERATE_INFOPLIST_FILE = YES;
				INFOPLIST_FILE = "$(TARGET_NAME)/Info.plist";
				INFOPLIST_KEY_CFBundleDisplayName = "Cat Facts";
				LD_RUNPATH_SEARCH_PATHS = (
					"$(inherited)",
					"@executable_path/Frameworks",
				);
				MARKETING_VERSION = 1.0;
				PRODUCT_BUNDLE_IDENTIFIER = net.bwitmer.CatFactsAVP;
				PRODUCT_NAME = "$(TARGET_NAME)";
				STRING_CATALOG_GENERATE_SYMBOLS = YES;
				SUPPORTED_PLATFORMS = "xros xrsimulator";
				SWIFT_APPROACHABLE_CONCURRENCY = YES;
				SWIFT_DEFAULT_ACTOR_ISOLATION = MainActor;
				SWIFT_EMIT_LOC_STRINGS = YES;
				SWIFT_UPCOMING_FEATURE_MEMBER_IMPORT_VISIBILITY = YES;
				SWIFT_VERSION = 5.0;
				TARGETED_DEVICE_FAMILY = 7;
			};
			name = Release;
		};
		CCDAE67B2E7F3E42006A209B /* Debug */ = {
			isa = XCBuildConfiguration;
			buildSettings = {
				ALWAYS_SEARCH_USER_PATHS = NO;
				ASSETCATALOG_COMPILER_GENERATE_SWIFT_ASSET_SYMBOL_EXTENSIONS = YES;
				CLANG_ANALYZER_NONNULL = YES;
				CLANG_ANALYZER_NUMBER_OBJECT_CONVERSION = YES_AGGRESSIVE;
				CLANG_CXX_LANGUAGE_STANDARD = "gnu++20";
				CLANG_ENABLE_MODULES = YES;
				CLANG_ENABLE_OBJC_ARC = YES;
				CLANG_ENABLE_OBJC_WEAK = YES;
				CLANG_WARN_BLOCK_CAPTURE_AUTORELEASING = YES;
				CLANG_WARN_BOOL_CONVERSION = YES;
				CLANG_WARN_COMMA = YES;
				CLANG_WARN_CONSTANT_CONVERSION = YES;
				CLANG_WARN_DEPRECATED_OBJC_IMPLEMENTATIONS = YES;
				CLANG_WARN_DIRECT_OBJC_ISA_USAGE = YES_ERROR;
				CLANG_WARN_DOCUMENTATION_COMMENTS = YES;
				CLANG_WARN_EMPTY_BODY = YES;
				CLANG_WARN_ENUM_CONVERSION = YES;
				CLANG_WARN_INFINITE_RECURSION = YES;
				CLANG_WARN_INT_CONVERSION = YES;
				CLANG_WARN_NON_LITERAL_NULL_CONVERSION = YES;
				CLANG_WARN_OBJC_IMPLICIT_RETAIN_SELF = YES;
				CLANG_WARN_OBJC_LITERAL_CONVERSION = YES;
				CLANG_WARN_OBJC_ROOT_CLASS = YES_ERROR;
				CLANG_WARN_QUOTED_INCLUDE_IN_FRAMEWORK_HEADER = YES;
				CLANG_WARN_RANGE_LOOP_ANALYSIS = YES;
				CLANG_WARN_STRICT_PROTOTYPES = YES;
				CLANG_WARN_SUSPICIOUS_MOVE = YES;
				CLANG_WARN_UNGUARDED_AVAILABILITY = YES_AGGRESSIVE;
				CLANG_WARN_UNREACHABLE_CODE = YES;
				CLANG_WARN__DUPLICATE_METHOD_MATCH = YES;
				COPY_PHASE_STRIP = NO;
				DEBUG_INFORMATION_FORMAT = dwarf;
				DEVELOPMENT_TEAM = 664FMHC4VF;
				ENABLE_STRICT_OBJC_MSGSEND = YES;
				ENABLE_TESTABILITY = YES;
				ENABLE_USER_SCRIPT_SANDBOXING = YES;
				GCC_C_LANGUAGE_STANDARD = gnu17;
				GCC_DYNAMIC_NO_PIC = NO;
				GCC_NO_COMMON_BLOCKS = YES;
				GCC_OPTIMIZATION_LEVEL = 0;
				GCC_PREPROCESSOR_DEFINITIONS = (
					"DEBUG=1",
					"$(inherited)",
				);
				GCC_WARN_64_TO_32_BIT_CONVERSION = YES;
				GCC_WARN_ABOUT_RETURN_TYPE = YES_ERROR;
				GCC_WARN_UNDECLARED_SELECTOR = YES;
				GCC_WARN_UNINITIALIZED_AUTOS = YES_AGGRESSIVE;
				GCC_WARN_UNUSED_FUNCTION = YES;
				GCC_WARN_UNUSED_VARIABLE = YES;
				LOCALIZATION_PREFERS_STRING_CATALOGS = YES;
				MTL_ENABLE_DEBUG_INFO = INCLUDE_SOURCE;
				MTL_FAST_MATH = YES;
				ONLY_ACTIVE_ARCH = YES;
				SDKROOT = xros;
				SWIFT_ACTIVE_COMPILATION_CONDITIONS = "DEBUG $(inherited)";
				SWIFT_OPTIMIZATION_LEVEL = "-Onone";
				XROS_DEPLOYMENT_TARGET = 26.0;
			};
			name = Debug;
		};
		CCDAE67C2E7F3E42006A209B /* Release */ = {
			isa = XCBuildConfiguration;
			buildSettings = {
				ALWAYS_SEARCH_USER_PATHS = NO;
				ASSETCATALOG_COMPILER_GENERATE_SWIFT_ASSET_SYMBOL_EXTENSIONS = YES;
				CLANG_ANALYZER_NONNULL = YES;
				CLANG_ANALYZER_NUMBER_OBJECT_CONVERSION = YES_AGGRESSIVE;
				CLANG_CXX_LANGUAGE_STANDARD = "gnu++20";
				CLANG_ENABLE_MODULES = YES;
				CLANG_ENABLE_OBJC_ARC = YES;
				CLANG_ENABLE_OBJC_WEAK = YES;
				CLANG_WARN_BLOCK_CAPTURE_AUTORELEASING = YES;
				CLANG_WARN_BOOL_CONVERSION = YES;
				CLANG_WARN_COMMA = YES;
				CLANG_WARN_CONSTANT_CONVERSION = YES;
				CLANG_WARN_DEPRECATED_OBJC_IMPLEMENTATIONS = YES;
				CLANG_WARN_DIRECT_OBJC_ISA_USAGE = YES_ERROR;
				CLANG_WARN_DOCUMENTATION_COMMENTS = YES;
				CLANG_WARN_EMPTY_BODY = YES;
				CLANG_WARN_ENUM_CONVERSION = YES;
				CLANG_WARN_INFINITE_RECURSION = YES;
				CLANG_WARN_INT_CONVERSION = YES;
				CLANG_WARN_NON_LITERAL_NULL_CONVERSION = YES;
				CLANG_WARN_OBJC_IMPLICIT_RETAIN_SELF = YES;
				CLANG_WARN_OBJC_LITERAL_CONVERSION = YES;
				CLANG_WARN_OBJC_ROOT_CLASS = YES_ERROR;
				CLANG_WARN_QUOTED_INCLUDE_IN_FRAMEWORK_HEADER = YES;
				CLANG_WARN_RANGE_LOOP_ANALYSIS = YES;
				CLANG_WARN_STRICT_PROTOTYPES = YES;
				CLANG_WARN_SUSPICIOUS_MOVE = YES;
				CLANG_WARN_UNGUARDED_AVAILABILITY = YES_AGGRESSIVE;
				CLANG_WARN_UNREACHABLE_CODE = YES;
				CLANG_WARN__DUPLICATE_METHOD_MATCH = YES;
				COPY_PHASE_STRIP = NO;
				DEBUG_INFORMATION_FORMAT = "dwarf-with-dsym";
				DEVELOPMENT_TEAM = 664FMHC4VF;
				ENABLE_NS_ASSERTIONS = NO;
				ENABLE_STRICT_OBJC_MSGSEND = YES;
				ENABLE_USER_SCRIPT_SANDBOXING = YES;
				GCC_C_LANGUAGE_STANDARD = gnu17;
				GCC_NO_COMMON_BLOCKS = YES;
				GCC_WARN_64_TO_32_BIT_CONVERSION = YES;
				GCC_WARN_ABOUT_RETURN_TYPE = YES_ERROR;
				GCC_WARN_UNDECLARED_SELECTOR = YES;
				GCC_WARN_UNINITIALIZED_AUTOS = YES_AGGRESSIVE;
				GCC_WARN_UNUSED_FUNCTION = YES;
				GCC_WARN_UNUSED_VARIABLE = YES;
				LOCALIZATION_PREFERS_STRING_CATALOGS = YES;
				MTL_ENABLE_DEBUG_INFO = NO;
				MTL_FAST_MATH = YES;
				SDKROOT = xros;
				SWIFT_COMPILATION_MODE = wholemodule;
				VALIDATE_PRODUCT = YES;
				XROS_DEPLOYMENT_TARGET = 26.0;
			};
			name = Release;
		};
/* End XCBuildConfiguration section */

/* Begin XCConfigurationList section */
		CCDAE6642E7F3E41006A209B /* Build configuration list for PBXProject "CatFactsAVP" */ = {
			isa = XCConfigurationList;
			buildConfigurations = (
				CCDAE67B2E7F3E42006A209B /* Debug */,
				CCDAE67C2E7F3E42006A209B /* Release */,
			);
			defaultConfigurationIsVisible = 0;
			defaultConfigurationName = Release;
		};
		CCDAE6782E7F3E42006A209B /* Build configuration list for PBXNativeTarget "CatFactsAVP" */ = {
			isa = XCConfigurationList;
			buildConfigurations = (
				CCDAE6792E7F3E42006A209B /* Debug */,
				CCDAE67A2E7F3E42006A209B /* Release */,
			);
			defaultConfigurationIsVisible = 0;
			defaultConfigurationName = Release;
		};
/* End XCConfigurationList section */

/* Begin XCSwiftPackageProductDependency section */
		CCDAE66E2E7F3E41006A209B /* RealityKitContent */ = {
			isa = XCSwiftPackageProductDependency;
			productName = RealityKitContent;
		};
/* End XCSwiftPackageProductDependency section */
	};
	rootObject = CCDAE6612E7F3E41006A209B /* Project object */;
}
